
Microsoft Visual Studio Solution File, Format Version 12.00
# Visual Studio Version 17
VisualStudioVersion = 17.13.35825.156 d17.13
MinimumVisualStudioVersion = 10.0.40219.1
Project("{FAE04EC0-301F-11D3-BF4B-00C04F79EFBC}") = "ConsoleApp06_23", "ConsoleApp06_23\ConsoleApp06_23.csproj", "{74BC0B35-86DF-4C62-8096-FB2C38EF1DAD}"
EndProject
Global
	GlobalSection(SolutionConfigurationPlatforms) = preSolution
		Debug|Any CPU = Debug|Any CPU
		Release|Any CPU = Release|Any CPU
	EndGlobalSection
	GlobalSection(ProjectConfigurationPlatforms) = postSolution
		{74BC0B35-86DF-4C62-8096-FB2C38EF1DAD}.Debug|Any CPU.ActiveCfg = Debug|Any CPU
		{74BC0B35-86DF-4C62-8096-FB2C38EF1DAD}.Debug|Any CPU.Build.0 = Debug|Any CPU
		{74BC0B35-86DF-4C62-8096-FB2C38EF1DAD}.Release|Any CPU.ActiveCfg = Release|Any CPU
		{74BC0B35-86DF-4C62-8096-FB2C38EF1DAD}.Release|Any CPU.Build.0 = Release|Any CPU
	EndGlobalSection
	GlobalSection(SolutionProperties) = preSolution
		HideSolutionNode = FALSE
	EndGlobalSection
	GlobalSection(ExtensibilityGlobals) = postSolution
		SolutionGuid = {57004F39-5D09-43B8-A7F7-636BC4C66A99}
	EndGlobalSection
EndGlobal
