
Microsoft Visual Studio Solution File, Format Version 12.00
# Visual Studio Version 17
VisualStudioVersion = 17.13.35825.156 d17.13
MinimumVisualStudioVersion = 10.0.40219.1
Project("{FAE04EC0-301F-11D3-BF4B-00C04F79EFBC}") = "WindowsFormsApp_p76", "WindowsFormsApp_p76\WindowsFormsApp_p76.csproj", "{8F9B6146-4B05-4E37-8B63-FA38E45F55FA}"
EndProject
Global
	GlobalSection(SolutionConfigurationPlatforms) = preSolution
		Debug|Any CPU = Debug|Any CPU
		Release|Any CPU = Release|Any CPU
	EndGlobalSection
	GlobalSection(ProjectConfigurationPlatforms) = postSolution
		{8F9B6146-4B05-4E37-8B63-FA38E45F55FA}.Debug|Any CPU.ActiveCfg = Debug|Any CPU
		{8F9B6146-4B05-4E37-8B63-FA38E45F55FA}.Debug|Any CPU.Build.0 = Debug|Any CPU
		{8F9B6146-4B05-4E37-8B63-FA38E45F55FA}.Release|Any CPU.ActiveCfg = Release|Any CPU
		{8F9B6146-4B05-4E37-8B63-FA38E45F55FA}.Release|Any CPU.Build.0 = Release|Any CPU
	EndGlobalSection
	GlobalSection(SolutionProperties) = preSolution
		HideSolutionNode = FALSE
	EndGlobalSection
	GlobalSection(ExtensibilityGlobals) = postSolution
		SolutionGuid = {4331C597-9067-4241-A857-1AF9F558B4D1}
	EndGlobalSection
EndGlobal
