
Microsoft Visual Studio Solution File, Format Version 12.00
# Visual Studio Version 17
VisualStudioVersion = 17.13.35825.156 d17.13
MinimumVisualStudioVersion = 10.0.40219.1
Project("{FAE04EC0-301F-11D3-BF4B-00C04F79EFBC}") = "ConsoleApp_p60", "ConsoleApp_p60\ConsoleApp_p60.csproj", "{30FCB76D-7125-4198-BC07-8852C08F2E0A}"
EndProject
Global
	GlobalSection(SolutionConfigurationPlatforms) = preSolution
		Debug|Any CPU = Debug|Any CPU
		Release|Any CPU = Release|Any CPU
	EndGlobalSection
	GlobalSection(ProjectConfigurationPlatforms) = postSolution
		{30FCB76D-7125-4198-BC07-8852C08F2E0A}.Debug|Any CPU.ActiveCfg = Debug|Any CPU
		{30FCB76D-7125-4198-BC07-8852C08F2E0A}.Debug|Any CPU.Build.0 = Debug|Any CPU
		{30FCB76D-7125-4198-BC07-8852C08F2E0A}.Release|Any CPU.ActiveCfg = Release|Any CPU
		{30FCB76D-7125-4198-BC07-8852C08F2E0A}.Release|Any CPU.Build.0 = Release|Any CPU
	EndGlobalSection
	GlobalSection(SolutionProperties) = preSolution
		HideSolutionNode = FALSE
	EndGlobalSection
	GlobalSection(ExtensibilityGlobals) = postSolution
		SolutionGuid = {239C97FA-5F2E-4D7D-B999-3A09B9CFC824}
	EndGlobalSection
EndGlobal
